{
  "pins" : [
    {
      "identity" : "lucide-icons-swift",
      "kind" : "remoteSourceControl",
      "location" : "https://github.com/JakubMazur/lucide-icons-swift",
      "state" : {
        "revision" : "4a431042c41a6028508063096b387a883d717b86",
        "version" : "0.556.0"
      }
    }
  ],
  "version" : 2
}
