{
  "pins" : [
    {
      "identity" : "lucide-icons-swift",
      "kind" : "remoteSourceControl",
      "location" : "https://github.com/JakubMazur/lucide-icons-swift",
      "state" : {
        "revision" : "03b0d199d60358bacb93028045609e6b3168b6c1",
        "version" : "0.555.0"
      }
    }
  ],
  "version" : 2
}
